// !$*UTF8*$!
{
	archiveVersion = 1;
	classes = {
	};
	objectVersion = 46;
	objects = {

/* Begin PBXAggregateTarget section */
		0376B186B036429296FCA063 /* ALL_BUILD */ = {
			isa = PBXAggregateTarget;
			buildConfigurationList = 2C4524CEC0254358A8D8977A /* Build configuration list for PBXAggregateTarget "ALL_BUILD" */;
			buildPhases = (
				A095DD285ED14A9E87770016 /* CMake Rules */,
			);
			dependencies = (
				AF9C82C6982F406B8BDB7F89 /* PBXTargetDependency */,
				E76D4FBB833C45118B3A3EEA /* PBXTargetDependency */,
			);
			name = ALL_BUILD;
			productName = ALL_BUILD;
		};
		46748CE3865243BEB8BD1849 /* ZERO_CHECK */ = {
			isa = PBXAggregateTarget;
			buildConfigurationList = EAE5DFF3BDDA4B69B37F2BA3 /* Build configuration list for PBXAggregateTarget "ZERO_CHECK" */;
			buildPhases = (
				3D3C47E7D1B94A71A8BD59C8 /* CMake Rules */,
			);
			dependencies = (
			);
			name = ZERO_CHECK;
			productName = ZERO_CHECK;
		};
/* End PBXAggregateTarget section */

/* Begin PBXBuildFile section */
		1287A6B8F51340F792B12DDE /* /Users/Chili/Desktop/Proj2_Unscented_Kalman_Filter/Proj/CarND-Unscented-Kalman-Filter-Project/src/tools.h */ = {isa = PBXBuildFile; fileRef = 25B8406F2B2546B5926748AF /* /Users/Chili/Desktop/Proj2_Unscented_Kalman_Filter/Proj/CarND-Unscented-Kalman-Filter-Project/src/tools.h */; };
		2C2888675DB54271938F6F2C /* /Users/Chili/Desktop/Proj2_Unscented_Kalman_Filter/Proj/CarND-Unscented-Kalman-Filter-Project/CMakeLists.txt */ = {isa = PBXBuildFile; fileRef = 57CEC15E7E4041EDBF84A359 /* /Users/Chili/Desktop/Proj2_Unscented_Kalman_Filter/Proj/CarND-Unscented-Kalman-Filter-Project/CMakeLists.txt */; };
		95D4D0BE8EF34DD2B7F9D42A /* /Users/Chili/Desktop/Proj2_Unscented_Kalman_Filter/Proj/CarND-Unscented-Kalman-Filter-Project/src/ukf.h */ = {isa = PBXBuildFile; fileRef = DC67819DD59A42F097F22B8D /* /Users/Chili/Desktop/Proj2_Unscented_Kalman_Filter/Proj/CarND-Unscented-Kalman-Filter-Project/src/ukf.h */; };
		E46A5B5CDD4B4579A8E8928B /* /Users/Chili/Desktop/Proj2_Unscented_Kalman_Filter/Proj/CarND-Unscented-Kalman-Filter-Project/src/main.cpp */ = {isa = PBXBuildFile; fileRef = CC2DE7188A644FDABF5E4C33 /* /Users/Chili/Desktop/Proj2_Unscented_Kalman_Filter/Proj/CarND-Unscented-Kalman-Filter-Project/src/main.cpp */; };
		F07612208E3749FCBFFDB8BE /* /Users/Chili/Desktop/Proj2_Unscented_Kalman_Filter/Proj/CarND-Unscented-Kalman-Filter-Project/src/ukf.cpp */ = {isa = PBXBuildFile; fileRef = 1978F595F6974AEFB8E0F3BE /* /Users/Chili/Desktop/Proj2_Unscented_Kalman_Filter/Proj/CarND-Unscented-Kalman-Filter-Project/src/ukf.cpp */; };
		FDA292B69938465B9694055B /* /Users/Chili/Desktop/Proj2_Unscented_Kalman_Filter/Proj/CarND-Unscented-Kalman-Filter-Project/src/tools.cpp */ = {isa = PBXBuildFile; fileRef = 3D6387DFE24D4A7EAC2A4A2C /* /Users/Chili/Desktop/Proj2_Unscented_Kalman_Filter/Proj/CarND-Unscented-Kalman-Filter-Project/src/tools.cpp */; };
		FF50DAE9953443C08C88A8A6 /* /Users/Chili/Desktop/Proj2_Unscented_Kalman_Filter/Proj/CarND-Unscented-Kalman-Filter-Project/src/measurement_package.h */ = {isa = PBXBuildFile; fileRef = 944492494A904DD9AB3844E4 /* /Users/Chili/Desktop/Proj2_Unscented_Kalman_Filter/Proj/CarND-Unscented-Kalman-Filter-Project/src/measurement_package.h */; };
/* End PBXBuildFile section */

/* Begin PBXBuildStyle section */
		355B245C1DA3452C82C31A5E /* MinSizeRel */ = {
			isa = PBXBuildStyle;
			buildSettings = {
				COPY_PHASE_STRIP = NO;
			};
			name = MinSizeRel;
		};
		41B24D28686A4C1487304D53 /* Debug */ = {
			isa = PBXBuildStyle;
			buildSettings = {
				COPY_PHASE_STRIP = NO;
			};
			name = Debug;
		};
		A2C6B2CBD3A5481BAB070D7C /* RelWithDebInfo */ = {
			isa = PBXBuildStyle;
			buildSettings = {
				COPY_PHASE_STRIP = NO;
			};
			name = RelWithDebInfo;
		};
		B1733FA5DD8345F3B9EB0742 /* Release */ = {
			isa = PBXBuildStyle;
			buildSettings = {
				COPY_PHASE_STRIP = NO;
			};
			name = Release;
		};
		FA4DA8EF7DB34C408F55E2C9 = {
			isa = PBXBuildStyle;
		};
/* End PBXBuildStyle section */

/* Begin PBXContainerItemProxy section */
		0F42F332D3044EA8839565CB /* PBXContainerItemProxy */ = {
			isa = PBXContainerItemProxy;
			containerPortal = 4AA1D99E6C744FF2A953F83A /* Project object */;
			proxyType = 1;
			remoteGlobalIDString = 46748CE3865243BEB8BD1849;
			remoteInfo = ZERO_CHECK;
		};
		C0DA265800C844D7A19CB83E /* PBXContainerItemProxy */ = {
			isa = PBXContainerItemProxy;
			containerPortal = 4AA1D99E6C744FF2A953F83A /* Project object */;
			proxyType = 1;
			remoteGlobalIDString = E3411AAF6F25490A9A80F862;
			remoteInfo = UnscentedKF;
		};
		CA79602C8D4D428C802B4F00 /* PBXContainerItemProxy */ = {
			isa = PBXContainerItemProxy;
			containerPortal = 4AA1D99E6C744FF2A953F83A /* Project object */;
			proxyType = 1;
			remoteGlobalIDString = 46748CE3865243BEB8BD1849;
			remoteInfo = ZERO_CHECK;
		};
/* End PBXContainerItemProxy section */

/* Begin PBXFileReference section */
		1978F595F6974AEFB8E0F3BE /* /Users/Chili/Desktop/Proj2_Unscented_Kalman_Filter/Proj/CarND-Unscented-Kalman-Filter-Project/src/ukf.cpp */ = {isa = PBXFileReference; explicitFileType = sourcecode.cpp.cpp; fileEncoding = 4; name = ukf.cpp; path = src/ukf.cpp; sourceTree = SOURCE_ROOT; };
		25B8406F2B2546B5926748AF /* /Users/Chili/Desktop/Proj2_Unscented_Kalman_Filter/Proj/CarND-Unscented-Kalman-Filter-Project/src/tools.h */ = {isa = PBXFileReference; explicitFileType = sourcecode.c.h; fileEncoding = 4; name = tools.h; path = src/tools.h; sourceTree = SOURCE_ROOT; };
		3D6387DFE24D4A7EAC2A4A2C /* /Users/Chili/Desktop/Proj2_Unscented_Kalman_Filter/Proj/CarND-Unscented-Kalman-Filter-Project/src/tools.cpp */ = {isa = PBXFileReference; explicitFileType = sourcecode.cpp.cpp; fileEncoding = 4; name = tools.cpp; path = src/tools.cpp; sourceTree = SOURCE_ROOT; };
		57CEC15E7E4041EDBF84A359 /* /Users/Chili/Desktop/Proj2_Unscented_Kalman_Filter/Proj/CarND-Unscented-Kalman-Filter-Project/CMakeLists.txt */ = {isa = PBXFileReference; explicitFileType = sourcecode.text; fileEncoding = 4; name = CMakeLists.txt; path = CMakeLists.txt; sourceTree = SOURCE_ROOT; };
		944492494A904DD9AB3844E4 /* /Users/Chili/Desktop/Proj2_Unscented_Kalman_Filter/Proj/CarND-Unscented-Kalman-Filter-Project/src/measurement_package.h */ = {isa = PBXFileReference; explicitFileType = sourcecode.c.h; fileEncoding = 4; name = measurement_package.h; path = src/measurement_package.h; sourceTree = SOURCE_ROOT; };
		9F4E01319D0741F3A076C9A4 /* UnscentedKF */ = {isa = PBXFileReference; explicitFileType = "compiled.mach-o.executable"; path = UnscentedKF; sourceTree = BUILT_PRODUCTS_DIR; };
		AAB6CA155919453A8C34B5B7 /* /Users/Chili/Desktop/Proj2_Unscented_Kalman_Filter/Proj/CarND-Unscented-Kalman-Filter-Project/CMakeLists.txt */ = {isa = PBXFileReference; explicitFileType = sourcecode.text; fileEncoding = 4; name = CMakeLists.txt; path = CMakeLists.txt; sourceTree = SOURCE_ROOT; };
		CC2DE7188A644FDABF5E4C33 /* /Users/Chili/Desktop/Proj2_Unscented_Kalman_Filter/Proj/CarND-Unscented-Kalman-Filter-Project/src/main.cpp */ = {isa = PBXFileReference; explicitFileType = sourcecode.cpp.cpp; fileEncoding = 4; name = main.cpp; path = src/main.cpp; sourceTree = SOURCE_ROOT; };
		D1E41999DADE4813A715FC25 /* /Users/Chili/Desktop/Proj2_Unscented_Kalman_Filter/Proj/CarND-Unscented-Kalman-Filter-Project/CMakeLists.txt */ = {isa = PBXFileReference; explicitFileType = sourcecode.text; fileEncoding = 4; name = CMakeLists.txt; path = CMakeLists.txt; sourceTree = SOURCE_ROOT; };
		DC67819DD59A42F097F22B8D /* /Users/Chili/Desktop/Proj2_Unscented_Kalman_Filter/Proj/CarND-Unscented-Kalman-Filter-Project/src/ukf.h */ = {isa = PBXFileReference; explicitFileType = sourcecode.c.h; fileEncoding = 4; name = ukf.h; path = src/ukf.h; sourceTree = SOURCE_ROOT; };
/* End PBXFileReference section */

/* Begin PBXGroup section */
		229016C9ECD34257A2332005 /* Sources */ = {
			isa = PBXGroup;
			children = (
				A4EAB567280C4E10808AE2C2 /* UnscentedKF */,
				D639E9D2FA9E4ADA9EA0197D /* ALL_BUILD */,
				253B070DD5CE4D159542A916 /* ZERO_CHECK */,
			);
			name = Sources;
			sourceTree = "<group>";
		};
		253B070DD5CE4D159542A916 /* ZERO_CHECK */ = {
			isa = PBXGroup;
			children = (
				CF1DCB3A7F354775B468C135 /* CMake Rules */,
				AAB6CA155919453A8C34B5B7 /* /Users/Chili/Desktop/Proj2_Unscented_Kalman_Filter/Proj/CarND-Unscented-Kalman-Filter-Project/CMakeLists.txt */,
			);
			name = ZERO_CHECK;
			sourceTree = "<group>";
		};
		28F630C4E9AC4D94AB0033FA /* CMake Rules */ = {
			isa = PBXGroup;
			children = (
			);
			name = "CMake Rules";
			sourceTree = "<group>";
		};
		4120551C16834FA382C4A66B /* Products */ = {
			isa = PBXGroup;
			children = (
				9F4E01319D0741F3A076C9A4 /* UnscentedKF */,
			);
			name = Products;
			sourceTree = "<group>";
		};
		42BB67DE69184238B14BD0BF /* Header Files */ = {
			isa = PBXGroup;
			children = (
				944492494A904DD9AB3844E4 /* /Users/Chili/Desktop/Proj2_Unscented_Kalman_Filter/Proj/CarND-Unscented-Kalman-Filter-Project/src/measurement_package.h */,
				25B8406F2B2546B5926748AF /* /Users/Chili/Desktop/Proj2_Unscented_Kalman_Filter/Proj/CarND-Unscented-Kalman-Filter-Project/src/tools.h */,
				DC67819DD59A42F097F22B8D /* /Users/Chili/Desktop/Proj2_Unscented_Kalman_Filter/Proj/CarND-Unscented-Kalman-Filter-Project/src/ukf.h */,
			);
			name = "Header Files";
			sourceTree = "<group>";
		};
		A4EAB567280C4E10808AE2C2 /* UnscentedKF */ = {
			isa = PBXGroup;
			children = (
				D9A77D8DB7AC43B6AD6C7418 /* Source Files */,
				42BB67DE69184238B14BD0BF /* Header Files */,
				57CEC15E7E4041EDBF84A359 /* /Users/Chili/Desktop/Proj2_Unscented_Kalman_Filter/Proj/CarND-Unscented-Kalman-Filter-Project/CMakeLists.txt */,
			);
			name = UnscentedKF;
			sourceTree = "<group>";
		};
		AA018690545A4622985F638C = {
			isa = PBXGroup;
			children = (
				229016C9ECD34257A2332005 /* Sources */,
				AA65CB25D657475EB46C7394 /* Resources */,
				4120551C16834FA382C4A66B /* Products */,
			);
			sourceTree = "<group>";
		};
		AA65CB25D657475EB46C7394 /* Resources */ = {
			isa = PBXGroup;
			children = (
			);
			name = Resources;
			sourceTree = "<group>";
		};
		CF1DCB3A7F354775B468C135 /* CMake Rules */ = {
			isa = PBXGroup;
			children = (
			);
			name = "CMake Rules";
			sourceTree = "<group>";
		};
		D639E9D2FA9E4ADA9EA0197D /* ALL_BUILD */ = {
			isa = PBXGroup;
			children = (
				28F630C4E9AC4D94AB0033FA /* CMake Rules */,
				D1E41999DADE4813A715FC25 /* /Users/Chili/Desktop/Proj2_Unscented_Kalman_Filter/Proj/CarND-Unscented-Kalman-Filter-Project/CMakeLists.txt */,
			);
			name = ALL_BUILD;
			sourceTree = "<group>";
		};
		D9A77D8DB7AC43B6AD6C7418 /* Source Files */ = {
			isa = PBXGroup;
			children = (
				CC2DE7188A644FDABF5E4C33 /* /Users/Chili/Desktop/Proj2_Unscented_Kalman_Filter/Proj/CarND-Unscented-Kalman-Filter-Project/src/main.cpp */,
				3D6387DFE24D4A7EAC2A4A2C /* /Users/Chili/Desktop/Proj2_Unscented_Kalman_Filter/Proj/CarND-Unscented-Kalman-Filter-Project/src/tools.cpp */,
				1978F595F6974AEFB8E0F3BE /* /Users/Chili/Desktop/Proj2_Unscented_Kalman_Filter/Proj/CarND-Unscented-Kalman-Filter-Project/src/ukf.cpp */,
			);
			name = "Source Files";
			sourceTree = "<group>";
		};
/* End PBXGroup section */

/* Begin PBXNativeTarget section */
		E3411AAF6F25490A9A80F862 /* UnscentedKF */ = {
			isa = PBXNativeTarget;
			buildConfigurationList = 0C9F8FC956F84784B2A2495F /* Build configuration list for PBXNativeTarget "UnscentedKF" */;
			buildPhases = (
				EDBB56F2880749A3BC489A64 /* Sources */,
			);
			buildRules = (
			);
			dependencies = (
				3BAE892553774248B5A454C2 /* PBXTargetDependency */,
			);
			name = UnscentedKF;
			productName = UnscentedKF;
			productReference = 9F4E01319D0741F3A076C9A4 /* UnscentedKF */;
			productType = "com.apple.product-type.tool";
		};
/* End PBXNativeTarget section */

/* Begin PBXProject section */
		4AA1D99E6C744FF2A953F83A /* Project object */ = {
			isa = PBXProject;
			attributes = {
				BuildIndependentTargetsInParallel = YES;
				LastUpgradeCheck = 0830;
			};
			buildConfigurationList = B9B3B630859642CC8396D4E2 /* Build configuration list for PBXProject "UnscentedKF" */;
			buildSettings = {
			};
			buildStyles = (
				41B24D28686A4C1487304D53 /* Debug */,
				B1733FA5DD8345F3B9EB0742 /* Release */,
				355B245C1DA3452C82C31A5E /* MinSizeRel */,
				A2C6B2CBD3A5481BAB070D7C /* RelWithDebInfo */,
			);
			compatibilityVersion = "Xcode 3.2";
			hasScannedForEncodings = 0;
			mainGroup = AA018690545A4622985F638C;
			projectDirPath = ../;
			projectRoot = "";
			targets = (
				0376B186B036429296FCA063 /* ALL_BUILD */,
				E3411AAF6F25490A9A80F862 /* UnscentedKF */,
				46748CE3865243BEB8BD1849 /* ZERO_CHECK */,
			);
		};
/* End PBXProject section */

/* Begin PBXShellScriptBuildPhase section */
		3D3C47E7D1B94A71A8BD59C8 /* CMake Rules */ = {
			isa = PBXShellScriptBuildPhase;
			buildActionMask = 2147483647;
			files = (
			);
			name = "CMake Rules";
			runOnlyForDeploymentPostprocessing = 0;
			shellPath = /bin/sh;
			shellScript = "make -C /Users/Chili/Desktop/Proj2_Unscented_Kalman_Filter/Proj/CarND-Unscented-Kalman-Filter-Project/XcodeProj -f /Users/Chili/Desktop/Proj2_Unscented_Kalman_Filter/Proj/CarND-Unscented-Kalman-Filter-Project/XcodeProj/CMakeScripts/ZERO_CHECK_cmakeRulesBuildPhase.make$CONFIGURATION all";
			showEnvVarsInLog = 0;
		};
		A095DD285ED14A9E87770016 /* CMake Rules */ = {
			isa = PBXShellScriptBuildPhase;
			buildActionMask = 2147483647;
			files = (
			);
			name = "CMake Rules";
			runOnlyForDeploymentPostprocessing = 0;
			shellPath = /bin/sh;
			shellScript = "make -C /Users/Chili/Desktop/Proj2_Unscented_Kalman_Filter/Proj/CarND-Unscented-Kalman-Filter-Project/XcodeProj -f /Users/Chili/Desktop/Proj2_Unscented_Kalman_Filter/Proj/CarND-Unscented-Kalman-Filter-Project/XcodeProj/CMakeScripts/ALL_BUILD_cmakeRulesBuildPhase.make$CONFIGURATION all";
			showEnvVarsInLog = 0;
		};
		A4356CEFC6544B27AC54DA74 = {
			isa = PBXShellScriptBuildPhase;
			buildActionMask = 2147483647;
			files = (
			);
			inputPaths = (
			);
			outputPaths = (
			);
			runOnlyForDeploymentPostprocessing = 0;
			shellPath = /bin/sh;
			shellScript = "# shell script goes here
exit 0";
			showEnvVarsInLog = 0;
		};
		B19D525323A94C15A34658C2 = {
			isa = PBXShellScriptBuildPhase;
			buildActionMask = 2147483647;
			files = (
			);
			inputPaths = (
			);
			outputPaths = (
			);
			runOnlyForDeploymentPostprocessing = 0;
			shellPath = /bin/sh;
			shellScript = "# shell script goes here
exit 0";
			showEnvVarsInLog = 0;
		};
/* End PBXShellScriptBuildPhase section */

/* Begin PBXSourcesBuildPhase section */
		EDBB56F2880749A3BC489A64 /* Sources */ = {
			isa = PBXSourcesBuildPhase;
			buildActionMask = 2147483647;
			files = (
				E46A5B5CDD4B4579A8E8928B /* /Users/Chili/Desktop/Proj2_Unscented_Kalman_Filter/Proj/CarND-Unscented-Kalman-Filter-Project/src/main.cpp */,
				FDA292B69938465B9694055B /* /Users/Chili/Desktop/Proj2_Unscented_Kalman_Filter/Proj/CarND-Unscented-Kalman-Filter-Project/src/tools.cpp */,
				F07612208E3749FCBFFDB8BE /* /Users/Chili/Desktop/Proj2_Unscented_Kalman_Filter/Proj/CarND-Unscented-Kalman-Filter-Project/src/ukf.cpp */,
			);
			runOnlyForDeploymentPostprocessing = 0;
		};
/* End PBXSourcesBuildPhase section */

/* Begin PBXTargetDependency section */
		3BAE892553774248B5A454C2 /* PBXTargetDependency */ = {
			isa = PBXTargetDependency;
			target = 46748CE3865243BEB8BD1849 /* ZERO_CHECK */;
			targetProxy = CA79602C8D4D428C802B4F00 /* PBXContainerItemProxy */;
		};
		AF9C82C6982F406B8BDB7F89 /* PBXTargetDependency */ = {
			isa = PBXTargetDependency;
			target = 46748CE3865243BEB8BD1849 /* ZERO_CHECK */;
			targetProxy = 0F42F332D3044EA8839565CB /* PBXContainerItemProxy */;
		};
		E76D4FBB833C45118B3A3EEA /* PBXTargetDependency */ = {
			isa = PBXTargetDependency;
			target = E3411AAF6F25490A9A80F862 /* UnscentedKF */;
			targetProxy = C0DA265800C844D7A19CB83E /* PBXContainerItemProxy */;
		};
/* End PBXTargetDependency section */

/* Begin XCBuildConfiguration section */
		0E1BFB45F5D2440B946E0C8F /* RelWithDebInfo */ = {
			isa = XCBuildConfiguration;
			buildSettings = {
				COMBINE_HIDPI_IMAGES = YES;
				GCC_GENERATE_DEBUGGING_SYMBOLS = YES;
				GCC_INLINES_ARE_PRIVATE_EXTERN = NO;
				GCC_OPTIMIZATION_LEVEL = 0;
				GCC_PREPROCESSOR_DEFINITIONS = ("'CMAKE_INTDIR=\"$(CONFIGURATION)$(EFFECTIVE_PLATFORM_NAME)\"'");
				GCC_SYMBOLS_PRIVATE_EXTERN = NO;
				HEADER_SEARCH_PATHS = (/usr/local/include,/usr/local/opt/openssl/include);
				INSTALL_PATH = "";
				OTHER_LDFLAGS = " ";
				OTHER_REZFLAGS = "";
				PRODUCT_NAME = ZERO_CHECK;
				SECTORDER_FLAGS = "";
				SYMROOT = "/Users/Chili/Desktop/Proj2_Unscented_Kalman_Filter/Proj/CarND-Unscented-Kalman-Filter-Project/XcodeProj";
				USE_HEADERMAP = NO;
				WARNING_CFLAGS = ("-Wmost","-Wno-four-char-constants","-Wno-unknown-pragmas","$(inherited)");
			};
			name = RelWithDebInfo;
		};
		11BFF3D600BC40D2AB82EEF4 /* Release */ = {
			isa = XCBuildConfiguration;
			buildSettings = {
				ONLY_ACTIVE_ARCH = YES;
				SDKROOT = /Applications/Xcode.app/Contents/Developer/Platforms/MacOSX.platform/Developer/SDKs/MacOSX10.12.sdk;
				SYMROOT = "/Users/Chili/Desktop/Proj2_Unscented_Kalman_Filter/Proj/CarND-Unscented-Kalman-Filter-Project/XcodeProj/build";
			};
			name = Release;
		};
		29E06093DDF0439E9753CE06 /* Debug */ = {
			isa = XCBuildConfiguration;
			buildSettings = {
				COMBINE_HIDPI_IMAGES = YES;
				GCC_GENERATE_DEBUGGING_SYMBOLS = YES;
				GCC_INLINES_ARE_PRIVATE_EXTERN = NO;
				GCC_OPTIMIZATION_LEVEL = 0;
				GCC_PREPROCESSOR_DEFINITIONS = ("'CMAKE_INTDIR=\"$(CONFIGURATION)$(EFFECTIVE_PLATFORM_NAME)\"'");
				GCC_SYMBOLS_PRIVATE_EXTERN = NO;
				HEADER_SEARCH_PATHS = (/usr/local/include,/usr/local/opt/openssl/include);
				INSTALL_PATH = "";
				OTHER_LDFLAGS = " ";
				OTHER_REZFLAGS = "";
				PRODUCT_NAME = ALL_BUILD;
				SECTORDER_FLAGS = "";
				SYMROOT = "/Users/Chili/Desktop/Proj2_Unscented_Kalman_Filter/Proj/CarND-Unscented-Kalman-Filter-Project/XcodeProj";
				USE_HEADERMAP = NO;
				WARNING_CFLAGS = ("-Wmost","-Wno-four-char-constants","-Wno-unknown-pragmas","$(inherited)");
			};
			name = Debug;
		};
		431D6E5F80EA4DC9829644C1 /* Debug */ = {
			isa = XCBuildConfiguration;
			buildSettings = {
				ONLY_ACTIVE_ARCH = YES;
				SDKROOT = /Applications/Xcode.app/Contents/Developer/Platforms/MacOSX.platform/Developer/SDKs/MacOSX10.12.sdk;
				SYMROOT = "/Users/Chili/Desktop/Proj2_Unscented_Kalman_Filter/Proj/CarND-Unscented-Kalman-Filter-Project/XcodeProj/build";
			};
			name = Debug;
		};
		45346BD2DB0046189AE45C4B /* MinSizeRel */ = {
			isa = XCBuildConfiguration;
			buildSettings = {
				ONLY_ACTIVE_ARCH = YES;
				SDKROOT = /Applications/Xcode.app/Contents/Developer/Platforms/MacOSX.platform/Developer/SDKs/MacOSX10.12.sdk;
				SYMROOT = "/Users/Chili/Desktop/Proj2_Unscented_Kalman_Filter/Proj/CarND-Unscented-Kalman-Filter-Project/XcodeProj/build";
			};
			name = MinSizeRel;
		};
		556FB9636D824F33A47819CA /* Release */ = {
			isa = XCBuildConfiguration;
			buildSettings = {
				COMBINE_HIDPI_IMAGES = YES;
				EXECUTABLE_PREFIX = "";
				EXECUTABLE_SUFFIX = "";
				GCC_GENERATE_DEBUGGING_SYMBOLS = NO;
				GCC_INLINES_ARE_PRIVATE_EXTERN = NO;
				GCC_OPTIMIZATION_LEVEL = 3;
				GCC_PREPROCESSOR_DEFINITIONS = ("'CMAKE_INTDIR=\"$(CONFIGURATION)$(EFFECTIVE_PLATFORM_NAME)\"'");
				GCC_SYMBOLS_PRIVATE_EXTERN = NO;
				HEADER_SEARCH_PATHS = (/usr/local/include,/usr/local/opt/openssl/include);
				INSTALL_PATH = "";
				LD_RUNPATH_SEARCH_PATHS = "/usr/local/lib /usr/local/opt/openssl/lib /usr/local/Cellar/libuv/1.11.0/lib";
				LIBRARY_SEARCH_PATHS = " /usr/local/lib/$(CONFIGURATION)$(EFFECTIVE_PLATFORM_NAME) /usr/local/lib /usr/local/opt/openssl/lib/$(CONFIGURATION)$(EFFECTIVE_PLATFORM_NAME) /usr/local/opt/openssl/lib /usr/local/Cellar/libuv/1.11.0/lib/$(CONFIGURATION)$(EFFECTIVE_PLATFORM_NAME) /usr/local/Cellar/libuv/1.11.0/lib";
				OTHER_CPLUSPLUSFLAGS = "    -DNDEBUG -I/usr/local/include -I/usr/local/opt/openssl/include    -std=c++11";
				OTHER_LDFLAGS = " -Wl,-search_paths_first -Wl,-headerpad_max_install_names  -lz -lssl -luv -luWS";
				OTHER_REZFLAGS = "";
				PRODUCT_NAME = UnscentedKF;
				SECTORDER_FLAGS = "";
				SYMROOT = "/Users/Chili/Desktop/Proj2_Unscented_Kalman_Filter/Proj/CarND-Unscented-Kalman-Filter-Project/XcodeProj";
				USE_HEADERMAP = NO;
				WARNING_CFLAGS = ("-Wmost","-Wno-four-char-constants","-Wno-unknown-pragmas","$(inherited)");
			};
			name = Release;
		};
		728DD7C2591740CC8B536BDD /* MinSizeRel */ = {
			isa = XCBuildConfiguration;
			buildSettings = {
				COMBINE_HIDPI_IMAGES = YES;
				GCC_GENERATE_DEBUGGING_SYMBOLS = YES;
				GCC_INLINES_ARE_PRIVATE_EXTERN = NO;
				GCC_OPTIMIZATION_LEVEL = 0;
				GCC_PREPROCESSOR_DEFINITIONS = ("'CMAKE_INTDIR=\"$(CONFIGURATION)$(EFFECTIVE_PLATFORM_NAME)\"'");
				GCC_SYMBOLS_PRIVATE_EXTERN = NO;
				HEADER_SEARCH_PATHS = (/usr/local/include,/usr/local/opt/openssl/include);
				INSTALL_PATH = "";
				OTHER_LDFLAGS = " ";
				OTHER_REZFLAGS = "";
				PRODUCT_NAME = ZERO_CHECK;
				SECTORDER_FLAGS = "";
				SYMROOT = "/Users/Chili/Desktop/Proj2_Unscented_Kalman_Filter/Proj/CarND-Unscented-Kalman-Filter-Project/XcodeProj";
				USE_HEADERMAP = NO;
				WARNING_CFLAGS = ("-Wmost","-Wno-four-char-constants","-Wno-unknown-pragmas","$(inherited)");
			};
			name = MinSizeRel;
		};
		9EF8BBA2FD3B473A96C6F9B9 /* RelWithDebInfo */ = {
			isa = XCBuildConfiguration;
			buildSettings = {
				ONLY_ACTIVE_ARCH = YES;
				SDKROOT = /Applications/Xcode.app/Contents/Developer/Platforms/MacOSX.platform/Developer/SDKs/MacOSX10.12.sdk;
				SYMROOT = "/Users/Chili/Desktop/Proj2_Unscented_Kalman_Filter/Proj/CarND-Unscented-Kalman-Filter-Project/XcodeProj/build";
			};
			name = RelWithDebInfo;
		};
		A95A286ED7984D17B36CAA05 /* RelWithDebInfo */ = {
			isa = XCBuildConfiguration;
			buildSettings = {
				COMBINE_HIDPI_IMAGES = YES;
				GCC_GENERATE_DEBUGGING_SYMBOLS = YES;
				GCC_INLINES_ARE_PRIVATE_EXTERN = NO;
				GCC_OPTIMIZATION_LEVEL = 0;
				GCC_PREPROCESSOR_DEFINITIONS = ("'CMAKE_INTDIR=\"$(CONFIGURATION)$(EFFECTIVE_PLATFORM_NAME)\"'");
				GCC_SYMBOLS_PRIVATE_EXTERN = NO;
				HEADER_SEARCH_PATHS = (/usr/local/include,/usr/local/opt/openssl/include);
				INSTALL_PATH = "";
				OTHER_LDFLAGS = " ";
				OTHER_REZFLAGS = "";
				PRODUCT_NAME = ALL_BUILD;
				SECTORDER_FLAGS = "";
				SYMROOT = "/Users/Chili/Desktop/Proj2_Unscented_Kalman_Filter/Proj/CarND-Unscented-Kalman-Filter-Project/XcodeProj";
				USE_HEADERMAP = NO;
				WARNING_CFLAGS = ("-Wmost","-Wno-four-char-constants","-Wno-unknown-pragmas","$(inherited)");
			};
			name = RelWithDebInfo;
		};
		AE82482A65BE4840B269CA64 /* Debug */ = {
			isa = XCBuildConfiguration;
			buildSettings = {
				COMBINE_HIDPI_IMAGES = YES;
				GCC_GENERATE_DEBUGGING_SYMBOLS = YES;
				GCC_INLINES_ARE_PRIVATE_EXTERN = NO;
				GCC_OPTIMIZATION_LEVEL = 0;
				GCC_PREPROCESSOR_DEFINITIONS = ("'CMAKE_INTDIR=\"$(CONFIGURATION)$(EFFECTIVE_PLATFORM_NAME)\"'");
				GCC_SYMBOLS_PRIVATE_EXTERN = NO;
				HEADER_SEARCH_PATHS = (/usr/local/include,/usr/local/opt/openssl/include);
				INSTALL_PATH = "";
				OTHER_LDFLAGS = " ";
				OTHER_REZFLAGS = "";
				PRODUCT_NAME = ZERO_CHECK;
				SECTORDER_FLAGS = "";
				SYMROOT = "/Users/Chili/Desktop/Proj2_Unscented_Kalman_Filter/Proj/CarND-Unscented-Kalman-Filter-Project/XcodeProj";
				USE_HEADERMAP = NO;
				WARNING_CFLAGS = ("-Wmost","-Wno-four-char-constants","-Wno-unknown-pragmas","$(inherited)");
			};
			name = Debug;
		};
		B4D14606003A48CDBE9AD41E /* Release */ = {
			isa = XCBuildConfiguration;
			buildSettings = {
				COMBINE_HIDPI_IMAGES = YES;
				GCC_GENERATE_DEBUGGING_SYMBOLS = YES;
				GCC_INLINES_ARE_PRIVATE_EXTERN = NO;
				GCC_OPTIMIZATION_LEVEL = 0;
				GCC_PREPROCESSOR_DEFINITIONS = ("'CMAKE_INTDIR=\"$(CONFIGURATION)$(EFFECTIVE_PLATFORM_NAME)\"'");
				GCC_SYMBOLS_PRIVATE_EXTERN = NO;
				HEADER_SEARCH_PATHS = (/usr/local/include,/usr/local/opt/openssl/include);
				INSTALL_PATH = "";
				OTHER_LDFLAGS = " ";
				OTHER_REZFLAGS = "";
				PRODUCT_NAME = ZERO_CHECK;
				SECTORDER_FLAGS = "";
				SYMROOT = "/Users/Chili/Desktop/Proj2_Unscented_Kalman_Filter/Proj/CarND-Unscented-Kalman-Filter-Project/XcodeProj";
				USE_HEADERMAP = NO;
				WARNING_CFLAGS = ("-Wmost","-Wno-four-char-constants","-Wno-unknown-pragmas","$(inherited)");
			};
			name = Release;
		};
		CD03142A605C4B28B5870484 /* Debug */ = {
			isa = XCBuildConfiguration;
			buildSettings = {
				COMBINE_HIDPI_IMAGES = YES;
				EXECUTABLE_PREFIX = "";
				EXECUTABLE_SUFFIX = "";
				GCC_GENERATE_DEBUGGING_SYMBOLS = YES;
				GCC_INLINES_ARE_PRIVATE_EXTERN = NO;
				GCC_OPTIMIZATION_LEVEL = 0;
				GCC_PREPROCESSOR_DEFINITIONS = ("'CMAKE_INTDIR=\"$(CONFIGURATION)$(EFFECTIVE_PLATFORM_NAME)\"'");
				GCC_SYMBOLS_PRIVATE_EXTERN = NO;
				HEADER_SEARCH_PATHS = (/usr/local/include,/usr/local/opt/openssl/include);
				INSTALL_PATH = "";
				LD_RUNPATH_SEARCH_PATHS = "/usr/local/lib /usr/local/opt/openssl/lib /usr/local/Cellar/libuv/1.11.0/lib";
				LIBRARY_SEARCH_PATHS = " /usr/local/lib/$(CONFIGURATION)$(EFFECTIVE_PLATFORM_NAME) /usr/local/lib /usr/local/opt/openssl/lib/$(CONFIGURATION)$(EFFECTIVE_PLATFORM_NAME) /usr/local/opt/openssl/lib /usr/local/Cellar/libuv/1.11.0/lib/$(CONFIGURATION)$(EFFECTIVE_PLATFORM_NAME) /usr/local/Cellar/libuv/1.11.0/lib";
				OTHER_CPLUSPLUSFLAGS = "   -I/usr/local/include -I/usr/local/opt/openssl/include    -std=c++11";
				OTHER_LDFLAGS = " -Wl,-search_paths_first -Wl,-headerpad_max_install_names  -lz -lssl -luv -luWS";
				OTHER_REZFLAGS = "";
				PRODUCT_NAME = UnscentedKF;
				SECTORDER_FLAGS = "";
				SYMROOT = "/Users/Chili/Desktop/Proj2_Unscented_Kalman_Filter/Proj/CarND-Unscented-Kalman-Filter-Project/XcodeProj";
				USE_HEADERMAP = NO;
				WARNING_CFLAGS = ("-Wmost","-Wno-four-char-constants","-Wno-unknown-pragmas","$(inherited)");
			};
			name = Debug;
		};
		D6388067044A48449D91827F /* Release */ = {
			isa = XCBuildConfiguration;
			buildSettings = {
				COMBINE_HIDPI_IMAGES = YES;
				GCC_GENERATE_DEBUGGING_SYMBOLS = YES;
				GCC_INLINES_ARE_PRIVATE_EXTERN = NO;
				GCC_OPTIMIZATION_LEVEL = 0;
				GCC_PREPROCESSOR_DEFINITIONS = ("'CMAKE_INTDIR=\"$(CONFIGURATION)$(EFFECTIVE_PLATFORM_NAME)\"'");
				GCC_SYMBOLS_PRIVATE_EXTERN = NO;
				HEADER_SEARCH_PATHS = (/usr/local/include,/usr/local/opt/openssl/include);
				INSTALL_PATH = "";
				OTHER_LDFLAGS = " ";
				OTHER_REZFLAGS = "";
				PRODUCT_NAME = ALL_BUILD;
				SECTORDER_FLAGS = "";
				SYMROOT = "/Users/Chili/Desktop/Proj2_Unscented_Kalman_Filter/Proj/CarND-Unscented-Kalman-Filter-Project/XcodeProj";
				USE_HEADERMAP = NO;
				WARNING_CFLAGS = ("-Wmost","-Wno-four-char-constants","-Wno-unknown-pragmas","$(inherited)");
			};
			name = Release;
		};
		DBCFD1EB1BA34F4A905633AA /* MinSizeRel */ = {
			isa = XCBuildConfiguration;
			buildSettings = {
				COMBINE_HIDPI_IMAGES = YES;
				GCC_GENERATE_DEBUGGING_SYMBOLS = YES;
				GCC_INLINES_ARE_PRIVATE_EXTERN = NO;
				GCC_OPTIMIZATION_LEVEL = 0;
				GCC_PREPROCESSOR_DEFINITIONS = ("'CMAKE_INTDIR=\"$(CONFIGURATION)$(EFFECTIVE_PLATFORM_NAME)\"'");
				GCC_SYMBOLS_PRIVATE_EXTERN = NO;
				HEADER_SEARCH_PATHS = (/usr/local/include,/usr/local/opt/openssl/include);
				INSTALL_PATH = "";
				OTHER_LDFLAGS = " ";
				OTHER_REZFLAGS = "";
				PRODUCT_NAME = ALL_BUILD;
				SECTORDER_FLAGS = "";
				SYMROOT = "/Users/Chili/Desktop/Proj2_Unscented_Kalman_Filter/Proj/CarND-Unscented-Kalman-Filter-Project/XcodeProj";
				USE_HEADERMAP = NO;
				WARNING_CFLAGS = ("-Wmost","-Wno-four-char-constants","-Wno-unknown-pragmas","$(inherited)");
			};
			name = MinSizeRel;
		};
		E993791A546B448CBB20B231 /* RelWithDebInfo */ = {
			isa = XCBuildConfiguration;
			buildSettings = {
				COMBINE_HIDPI_IMAGES = YES;
				EXECUTABLE_PREFIX = "";
				EXECUTABLE_SUFFIX = "";
				GCC_GENERATE_DEBUGGING_SYMBOLS = YES;
				GCC_INLINES_ARE_PRIVATE_EXTERN = NO;
				GCC_OPTIMIZATION_LEVEL = 2;
				GCC_PREPROCESSOR_DEFINITIONS = ("'CMAKE_INTDIR=\"$(CONFIGURATION)$(EFFECTIVE_PLATFORM_NAME)\"'");
				GCC_SYMBOLS_PRIVATE_EXTERN = NO;
				HEADER_SEARCH_PATHS = (/usr/local/include,/usr/local/opt/openssl/include);
				INSTALL_PATH = "";
				LD_RUNPATH_SEARCH_PATHS = "/usr/local/lib /usr/local/opt/openssl/lib /usr/local/Cellar/libuv/1.11.0/lib";
				LIBRARY_SEARCH_PATHS = " /usr/local/lib/$(CONFIGURATION)$(EFFECTIVE_PLATFORM_NAME) /usr/local/lib /usr/local/opt/openssl/lib/$(CONFIGURATION)$(EFFECTIVE_PLATFORM_NAME) /usr/local/opt/openssl/lib /usr/local/Cellar/libuv/1.11.0/lib/$(CONFIGURATION)$(EFFECTIVE_PLATFORM_NAME) /usr/local/Cellar/libuv/1.11.0/lib";
				OTHER_CPLUSPLUSFLAGS = "       -DNDEBUG -I/usr/local/include -I/usr/local/opt/openssl/include    -std=c++11";
				OTHER_LDFLAGS = " -Wl,-search_paths_first -Wl,-headerpad_max_install_names  -lz -lssl -luv -luWS";
				OTHER_REZFLAGS = "";
				PRODUCT_NAME = UnscentedKF;
				SECTORDER_FLAGS = "";
				SYMROOT = "/Users/Chili/Desktop/Proj2_Unscented_Kalman_Filter/Proj/CarND-Unscented-Kalman-Filter-Project/XcodeProj";
				USE_HEADERMAP = NO;
				WARNING_CFLAGS = ("-Wmost","-Wno-four-char-constants","-Wno-unknown-pragmas","$(inherited)");
			};
			name = RelWithDebInfo;
		};
		EAE20A4B93194136ACE7D1E2 /* MinSizeRel */ = {
			isa = XCBuildConfiguration;
			buildSettings = {
				COMBINE_HIDPI_IMAGES = YES;
				EXECUTABLE_PREFIX = "";
				EXECUTABLE_SUFFIX = "";
				GCC_GENERATE_DEBUGGING_SYMBOLS = NO;
				GCC_INLINES_ARE_PRIVATE_EXTERN = NO;
				GCC_OPTIMIZATION_LEVEL = s;
				GCC_PREPROCESSOR_DEFINITIONS = ("'CMAKE_INTDIR=\"$(CONFIGURATION)$(EFFECTIVE_PLATFORM_NAME)\"'");
				GCC_SYMBOLS_PRIVATE_EXTERN = NO;
				HEADER_SEARCH_PATHS = (/usr/local/include,/usr/local/opt/openssl/include);
				INSTALL_PATH = "";
				LD_RUNPATH_SEARCH_PATHS = "/usr/local/lib /usr/local/opt/openssl/lib /usr/local/Cellar/libuv/1.11.0/lib";
				LIBRARY_SEARCH_PATHS = " /usr/local/lib/$(CONFIGURATION)$(EFFECTIVE_PLATFORM_NAME) /usr/local/lib /usr/local/opt/openssl/lib/$(CONFIGURATION)$(EFFECTIVE_PLATFORM_NAME) /usr/local/opt/openssl/lib /usr/local/Cellar/libuv/1.11.0/lib/$(CONFIGURATION)$(EFFECTIVE_PLATFORM_NAME) /usr/local/Cellar/libuv/1.11.0/lib";
				OTHER_CPLUSPLUSFLAGS = "    -DNDEBUG -I/usr/local/include -I/usr/local/opt/openssl/include    -std=c++11";
				OTHER_LDFLAGS = " -Wl,-search_paths_first -Wl,-headerpad_max_install_names  -lz -lssl -luv -luWS";
				OTHER_REZFLAGS = "";
				PRODUCT_NAME = UnscentedKF;
				SECTORDER_FLAGS = "";
				SYMROOT = "/Users/Chili/Desktop/Proj2_Unscented_Kalman_Filter/Proj/CarND-Unscented-Kalman-Filter-Project/XcodeProj";
				USE_HEADERMAP = NO;
				WARNING_CFLAGS = ("-Wmost","-Wno-four-char-constants","-Wno-unknown-pragmas","$(inherited)");
			};
			name = MinSizeRel;
		};
/* End XCBuildConfiguration section */

/* Begin XCConfigurationList section */
		0C9F8FC956F84784B2A2495F /* Build configuration list for PBXNativeTarget "UnscentedKF" */ = {
			isa = XCConfigurationList;
			buildConfigurations = (
				CD03142A605C4B28B5870484 /* Debug */,
				556FB9636D824F33A47819CA /* Release */,
				EAE20A4B93194136ACE7D1E2 /* MinSizeRel */,
				E993791A546B448CBB20B231 /* RelWithDebInfo */,
			);
			defaultConfigurationIsVisible = 0;
			defaultConfigurationName = Debug;
		};
		2C4524CEC0254358A8D8977A /* Build configuration list for PBXAggregateTarget "ALL_BUILD" */ = {
			isa = XCConfigurationList;
			buildConfigurations = (
				29E06093DDF0439E9753CE06 /* Debug */,
				D6388067044A48449D91827F /* Release */,
				DBCFD1EB1BA34F4A905633AA /* MinSizeRel */,
				A95A286ED7984D17B36CAA05 /* RelWithDebInfo */,
			);
			defaultConfigurationIsVisible = 0;
			defaultConfigurationName = Debug;
		};
		B9B3B630859642CC8396D4E2 /* Build configuration list for PBXProject "UnscentedKF" */ = {
			isa = XCConfigurationList;
			buildConfigurations = (
				431D6E5F80EA4DC9829644C1 /* Debug */,
				11BFF3D600BC40D2AB82EEF4 /* Release */,
				45346BD2DB0046189AE45C4B /* MinSizeRel */,
				9EF8BBA2FD3B473A96C6F9B9 /* RelWithDebInfo */,
			);
			defaultConfigurationIsVisible = 0;
			defaultConfigurationName = Debug;
		};
		EAE5DFF3BDDA4B69B37F2BA3 /* Build configuration list for PBXAggregateTarget "ZERO_CHECK" */ = {
			isa = XCConfigurationList;
			buildConfigurations = (
				AE82482A65BE4840B269CA64 /* Debug */,
				B4D14606003A48CDBE9AD41E /* Release */,
				728DD7C2591740CC8B536BDD /* MinSizeRel */,
				0E1BFB45F5D2440B946E0C8F /* RelWithDebInfo */,
			);
			defaultConfigurationIsVisible = 0;
			defaultConfigurationName = Debug;
		};
/* End XCConfigurationList section */
	};
	rootObject = 4AA1D99E6C744FF2A953F83A /* Project object */;
}
